// !$*UTF8*$!
{
	archiveVersion = 1;
	classes = {
	};
	objectVersion = 56;
	objects = {

/* Begin PBXBuildFile section */
		DB6C009E295C914000129B2D /* AppDelegate.swift in Sources */ = {isa = PBXBuildFile; fileRef = DB6C009D295C914000129B2D /* AppDelegate.swift */; };
		DB6C00A0295C914000129B2D /* SceneDelegate.swift in Sources */ = {isa = PBXBuildFile; fileRef = DB6C009F295C914000129B2D /* SceneDelegate.swift */; };
		DB6C00A2295C914000129B2D /* TabViewController.swift in Sources */ = {isa = PBXBuildFile; fileRef = DB6C00A1295C914000129B2D /* TabViewController.swift */; };
		DB6C00A7295C914100129B2D /* Assets.xcassets in Resources */ = {isa = PBXBuildFile; fileRef = DB6C00A6295C914100129B2D /* Assets.xcassets */; };
		DB6C00AA295C914100129B2D /* LaunchScreen.storyboard in Resources */ = {isa = PBXBuildFile; fileRef = DB6C00A8295C914100129B2D /* LaunchScreen.storyboard */; };
		DB6C00B9295C93BF00129B2D /* Location.swift in Sources */ = {isa = PBXBuildFile; fileRef = DB6C00B8295C93BF00129B2D /* Location.swift */; };
		DB6C00BB295C93CC00129B2D /* Episode.swift in Sources */ = {isa = PBXBuildFile; fileRef = DB6C00BA295C93CC00129B2D /* Episode.swift */; };
		DB6C00BE295C93D600129B2D /* Character.swift in Sources */ = {isa = PBXBuildFile; fileRef = DB6C00BD295C93D600129B2D /* Character.swift */; };
		DBF20AA5295C94E300B3C83C /* CharacterListVC.swift in Sources */ = {isa = PBXBuildFile; fileRef = DBF20AA4295C94E300B3C83C /* CharacterListVC.swift */; };
		DBF20AA7295C94F800B3C83C /* LocationListVC.swift in Sources */ = {isa = PBXBuildFile; fileRef = DBF20AA6295C94F800B3C83C /* LocationListVC.swift */; };
		DBF20AA9295C94FF00B3C83C /* EpisodeListVC.swift in Sources */ = {isa = PBXBuildFile; fileRef = DBF20AA8295C94FF00B3C83C /* EpisodeListVC.swift */; };
		DBF20AAB295C950E00B3C83C /* SettingsVC.swift in Sources */ = {isa = PBXBuildFile; fileRef = DBF20AAA295C950E00B3C83C /* SettingsVC.swift */; };
		DBFB046B295C992500E9175C /* APIService.swift in Sources */ = {isa = PBXBuildFile; fileRef = DBFB046A295C992500E9175C /* APIService.swift */; };
		DBFB046D295C994F00E9175C /* APIRequest.swift in Sources */ = {isa = PBXBuildFile; fileRef = DBFB046C295C994F00E9175C /* APIRequest.swift */; };
		DBFB046F295C99C900E9175C /* APIEndpoint.swift in Sources */ = {isa = PBXBuildFile; fileRef = DBFB046E295C99C900E9175C /* APIEndpoint.swift */; };
/* End PBXBuildFile section */

/* Begin PBXFileReference section */
		DB6C009A295C914000129B2D /* RickAndMortyAPI.app */ = {isa = PBXFileReference; explicitFileType = wrapper.application; includeInIndex = 0; path = RickAndMortyAPI.app; sourceTree = BUILT_PRODUCTS_DIR; };
		DB6C009D295C914000129B2D /* AppDelegate.swift */ = {isa = PBXFileReference; lastKnownFileType = sourcecode.swift; path = AppDelegate.swift; sourceTree = "<group>"; };
		DB6C009F295C914000129B2D /* SceneDelegate.swift */ = {isa = PBXFileReference; lastKnownFileType = sourcecode.swift; path = SceneDelegate.swift; sourceTree = "<group>"; };
		DB6C00A1295C914000129B2D /* TabViewController.swift */ = {isa = PBXFileReference; lastKnownFileType = sourcecode.swift; path = TabViewController.swift; sourceTree = "<group>"; };
		DB6C00A6295C914100129B2D /* Assets.xcassets */ = {isa = PBXFileReference; lastKnownFileType = folder.assetcatalog; path = Assets.xcassets; sourceTree = "<group>"; };
		DB6C00A9295C914100129B2D /* Base */ = {isa = PBXFileReference; lastKnownFileType = file.storyboard; name = Base; path = Base.lproj/LaunchScreen.storyboard; sourceTree = "<group>"; };
		DB6C00AB295C914100129B2D /* Info.plist */ = {isa = PBXFileReference; lastKnownFileType = text.plist.xml; path = Info.plist; sourceTree = "<group>"; };
		DB6C00B8295C93BF00129B2D /* Location.swift */ = {isa = PBXFileReference; lastKnownFileType = sourcecode.swift; path = Location.swift; sourceTree = "<group>"; };
		DB6C00BA295C93CC00129B2D /* Episode.swift */ = {isa = PBXFileReference; lastKnownFileType = sourcecode.swift; path = Episode.swift; sourceTree = "<group>"; };
		DB6C00BD295C93D600129B2D /* Character.swift */ = {isa = PBXFileReference; lastKnownFileType = sourcecode.swift; path = Character.swift; sourceTree = "<group>"; };
		DBF20AA4295C94E300B3C83C /* CharacterListVC.swift */ = {isa = PBXFileReference; lastKnownFileType = sourcecode.swift; path = CharacterListVC.swift; sourceTree = "<group>"; };
		DBF20AA6295C94F800B3C83C /* LocationListVC.swift */ = {isa = PBXFileReference; lastKnownFileType = sourcecode.swift; path = LocationListVC.swift; sourceTree = "<group>"; };
		DBF20AA8295C94FF00B3C83C /* EpisodeListVC.swift */ = {isa = PBXFileReference; lastKnownFileType = sourcecode.swift; path = EpisodeListVC.swift; sourceTree = "<group>"; };
		DBF20AAA295C950E00B3C83C /* SettingsVC.swift */ = {isa = PBXFileReference; lastKnownFileType = sourcecode.swift; path = SettingsVC.swift; sourceTree = "<group>"; };
		DBFB046A295C992500E9175C /* APIService.swift */ = {isa = PBXFileReference; lastKnownFileType = sourcecode.swift; path = APIService.swift; sourceTree = "<group>"; };
		DBFB046C295C994F00E9175C /* APIRequest.swift */ = {isa = PBXFileReference; lastKnownFileType = sourcecode.swift; path = APIRequest.swift; sourceTree = "<group>"; };
		DBFB046E295C99C900E9175C /* APIEndpoint.swift */ = {isa = PBXFileReference; lastKnownFileType = sourcecode.swift; path = APIEndpoint.swift; sourceTree = "<group>"; };
/* End PBXFileReference section */

/* Begin PBXFrameworksBuildPhase section */
		DB6C0097295C914000129B2D /* Frameworks */ = {
			isa = PBXFrameworksBuildPhase;
			buildActionMask = 2147483647;
			files = (
			);
			runOnlyForDeploymentPostprocessing = 0;
		};
/* End PBXFrameworksBuildPhase section */

/* Begin PBXGroup section */
		DB6C0091295C914000129B2D = {
			isa = PBXGroup;
			children = (
				DB6C009C295C914000129B2D /* RickAndMortyAPI */,
				DB6C009B295C914000129B2D /* Products */,
			);
			sourceTree = "<group>";
		};
		DB6C009B295C914000129B2D /* Products */ = {
			isa = PBXGroup;
			children = (
				DB6C009A295C914000129B2D /* RickAndMortyAPI.app */,
			);
			name = Products;
			sourceTree = "<group>";
		};
		DB6C009C295C914000129B2D /* RickAndMortyAPI */ = {
			isa = PBXGroup;
			children = (
				DB6C00B4295C934E00129B2D /* Models */,
				DB6C00B3295C934800129B2D /* Views */,
				DB6C00B2295C934000129B2D /* Vendors */,
				DB6C00AB295C914100129B2D /* Info.plist */,
			);
			path = RickAndMortyAPI;
			sourceTree = "<group>";
		};
		DB6C00B2295C934000129B2D /* Vendors */ = {
			isa = PBXGroup;
			children = (
				DB6C00B7295C939200129B2D /* API Clients */,
				DB6C00B6295C938700129B2D /* Managers */,
				DB6C00B5295C935500129B2D /* Resources */,
			);
			path = Vendors;
			sourceTree = "<group>";
		};
		DB6C00B3295C934800129B2D /* Views */ = {
			isa = PBXGroup;
			children = (
				DB6C00BF295C93F900129B2D /* Tab Bar Controller */,
			);
			path = Views;
			sourceTree = "<group>";
		};
		DB6C00B4295C934E00129B2D /* Models */ = {
			isa = PBXGroup;
			children = (
				DB6C00BD295C93D600129B2D /* Character.swift */,
				DB6C00B8295C93BF00129B2D /* Location.swift */,
				DB6C00BA295C93CC00129B2D /* Episode.swift */,
			);
			path = Models;
			sourceTree = "<group>";
		};
		DB6C00B5295C935500129B2D /* Resources */ = {
			isa = PBXGroup;
			children = (
				DB6C009D295C914000129B2D /* AppDelegate.swift */,
				DB6C009F295C914000129B2D /* SceneDelegate.swift */,
				DB6C00A6295C914100129B2D /* Assets.xcassets */,
				DB6C00A8295C914100129B2D /* LaunchScreen.storyboard */,
			);
			path = Resources;
			sourceTree = "<group>";
		};
		DB6C00B6295C938700129B2D /* Managers */ = {
			isa = PBXGroup;
			children = (
			);
			path = Managers;
			sourceTree = "<group>";
		};
		DB6C00B7295C939200129B2D /* API Clients */ = {
			isa = PBXGroup;
			children = (
				DBFB046A295C992500E9175C /* APIService.swift */,
				DBFB046C295C994F00E9175C /* APIRequest.swift */,
				DBFB046E295C99C900E9175C /* APIEndpoint.swift */,
			);
			path = "API Clients";
			sourceTree = "<group>";
		};
		DB6C00BF295C93F900129B2D /* Tab Bar Controller */ = {
			isa = PBXGroup;
			children = (
				DB6C00A1295C914000129B2D /* TabViewController.swift */,
				DBF20AA3295C94C100B3C83C /* Tab Views */,
			);
			path = "Tab Bar Controller";
			sourceTree = "<group>";
		};
		DBF20AA3295C94C100B3C83C /* Tab Views */ = {
			isa = PBXGroup;
			children = (
				DBF20AA4295C94E300B3C83C /* CharacterListVC.swift */,
				DBF20AA6295C94F800B3C83C /* LocationListVC.swift */,
				DBF20AA8295C94FF00B3C83C /* EpisodeListVC.swift */,
				DBF20AAA295C950E00B3C83C /* SettingsVC.swift */,
			);
			path = "Tab Views";
			sourceTree = "<group>";
		};
/* End PBXGroup section */

/* Begin PBXNativeTarget section */
		DB6C0099295C914000129B2D /* RickAndMortyAPI */ = {
			isa = PBXNativeTarget;
			buildConfigurationList = DB6C00AE295C914100129B2D /* Build configuration list for PBXNativeTarget "RickAndMortyAPI" */;
			buildPhases = (
				DB6C0096295C914000129B2D /* Sources */,
				DB6C0097295C914000129B2D /* Frameworks */,
				DB6C0098295C914000129B2D /* Resources */,
			);
			buildRules = (
			);
			dependencies = (
			);
			name = RickAndMortyAPI;
			productName = RickAndMortyAPI;
			productReference = DB6C009A295C914000129B2D /* RickAndMortyAPI.app */;
			productType = "com.apple.product-type.application";
		};
/* End PBXNativeTarget section */

/* Begin PBXProject section */
		DB6C0092295C914000129B2D /* Project object */ = {
			isa = PBXProject;
			attributes = {
				BuildIndependentTargetsInParallel = 1;
				LastSwiftUpdateCheck = 1420;
				LastUpgradeCheck = 1420;
				TargetAttributes = {
					DB6C0099295C914000129B2D = {
						CreatedOnToolsVersion = 14.2;
					};
				};
			};
			buildConfigurationList = DB6C0095295C914000129B2D /* Build configuration list for PBXProject "RickAndMortyAPI" */;
			compatibilityVersion = "Xcode 14.0";
			developmentRegion = en;
			hasScannedForEncodings = 0;
			knownRegions = (
				en,
				Base,
			);
			mainGroup = DB6C0091295C914000129B2D;
			productRefGroup = DB6C009B295C914000129B2D /* Products */;
			projectDirPath = "";
			projectRoot = "";
			targets = (
				DB6C0099295C914000129B2D /* RickAndMortyAPI */,
			);
		};
/* End PBXProject section */

/* Begin PBXResourcesBuildPhase section */
		DB6C0098295C914000129B2D /* Resources */ = {
			isa = PBXResourcesBuildPhase;
			buildActionMask = 2147483647;
			files = (
				DB6C00AA295C914100129B2D /* LaunchScreen.storyboard in Resources */,
				DB6C00A7295C914100129B2D /* Assets.xcassets in Resources */,
			);
			runOnlyForDeploymentPostprocessing = 0;
		};
/* End PBXResourcesBuildPhase section */

/* Begin PBXSourcesBuildPhase section */
		DB6C0096295C914000129B2D /* Sources */ = {
			isa = PBXSourcesBuildPhase;
			buildActionMask = 2147483647;
			files = (
				DBF20AA9295C94FF00B3C83C /* EpisodeListVC.swift in Sources */,
				DBF20AA5295C94E300B3C83C /* CharacterListVC.swift in Sources */,
				DB6C00A2295C914000129B2D /* TabViewController.swift in Sources */,
				DB6C009E295C914000129B2D /* AppDelegate.swift in Sources */,
				DBFB046B295C992500E9175C /* APIService.swift in Sources */,
				DBFB046F295C99C900E9175C /* APIEndpoint.swift in Sources */,
				DB6C00B9295C93BF00129B2D /* Location.swift in Sources */,
				DB6C00BE295C93D600129B2D /* Character.swift in Sources */,
				DBF20AA7295C94F800B3C83C /* LocationListVC.swift in Sources */,
				DB6C00BB295C93CC00129B2D /* Episode.swift in Sources */,
				DB6C00A0295C914000129B2D /* SceneDelegate.swift in Sources */,
				DBFB046D295C994F00E9175C /* APIRequest.swift in Sources */,
				DBF20AAB295C950E00B3C83C /* SettingsVC.swift in Sources */,
			);
			runOnlyForDeploymentPostprocessing = 0;
		};
/* End PBXSourcesBuildPhase section */

/* Begin PBXVariantGroup section */
		DB6C00A8295C914100129B2D /* LaunchScreen.storyboard */ = {
			isa = PBXVariantGroup;
			children = (
				DB6C00A9295C914100129B2D /* Base */,
			);
			name = LaunchScreen.storyboard;
			sourceTree = "<group>";
		};
/* End PBXVariantGroup section */

/* Begin XCBuildConfiguration section */
		DB6C00AC295C914100129B2D /* Debug */ = {
			isa = XCBuildConfiguration;
			buildSettings = {
				ALWAYS_SEARCH_USER_PATHS = NO;
				CLANG_ANALYZER_NONNULL = YES;
				CLANG_ANALYZER_NUMBER_OBJECT_CONVERSION = YES_AGGRESSIVE;
				CLANG_CXX_LANGUAGE_STANDARD = "gnu++20";
				CLANG_ENABLE_MODULES = YES;
				CLANG_ENABLE_OBJC_ARC = YES;
				CLANG_ENABLE_OBJC_WEAK = YES;
				CLANG_WARN_BLOCK_CAPTURE_AUTORELEASING = YES;
				CLANG_WARN_BOOL_CONVERSION = YES;
				CLANG_WARN_COMMA = YES;
				CLANG_WARN_CONSTANT_CONVERSION = YES;
				CLANG_WARN_DEPRECATED_OBJC_IMPLEMENTATIONS = YES;
				CLANG_WARN_DIRECT_OBJC_ISA_USAGE = YES_ERROR;
				CLANG_WARN_DOCUMENTATION_COMMENTS = YES;
				CLANG_WARN_EMPTY_BODY = YES;
				CLANG_WARN_ENUM_CONVERSION = YES;
				CLANG_WARN_INFINITE_RECURSION = YES;
				CLANG_WARN_INT_CONVERSION = YES;
				CLANG_WARN_NON_LITERAL_NULL_CONVERSION = YES;
				CLANG_WARN_OBJC_IMPLICIT_RETAIN_SELF = YES;
				CLANG_WARN_OBJC_LITERAL_CONVERSION = YES;
				CLANG_WARN_OBJC_ROOT_CLASS = YES_ERROR;
				CLANG_WARN_QUOTED_INCLUDE_IN_FRAMEWORK_HEADER = YES;
				CLANG_WARN_RANGE_LOOP_ANALYSIS = YES;
				CLANG_WARN_STRICT_PROTOTYPES = YES;
				CLANG_WARN_SUSPICIOUS_MOVE = YES;
				CLANG_WARN_UNGUARDED_AVAILABILITY = YES_AGGRESSIVE;
				CLANG_WARN_UNREACHABLE_CODE = YES;
				CLANG_WARN__DUPLICATE_METHOD_MATCH = YES;
				COPY_PHASE_STRIP = NO;
				DEBUG_INFORMATION_FORMAT = dwarf;
				ENABLE_STRICT_OBJC_MSGSEND = YES;
				ENABLE_TESTABILITY = YES;
				GCC_C_LANGUAGE_STANDARD = gnu11;
				GCC_DYNAMIC_NO_PIC = NO;
				GCC_NO_COMMON_BLOCKS = YES;
				GCC_OPTIMIZATION_LEVEL = 0;
				GCC_PREPROCESSOR_DEFINITIONS = (
					"DEBUG=1",
					"$(inherited)",
				);
				GCC_WARN_64_TO_32_BIT_CONVERSION = YES;
				GCC_WARN_ABOUT_RETURN_TYPE = YES_ERROR;
				GCC_WARN_UNDECLARED_SELECTOR = YES;
				GCC_WARN_UNINITIALIZED_AUTOS = YES_AGGRESSIVE;
				GCC_WARN_UNUSED_FUNCTION = YES;
				GCC_WARN_UNUSED_VARIABLE = YES;
				IPHONEOS_DEPLOYMENT_TARGET = 16.2;
				MTL_ENABLE_DEBUG_INFO = INCLUDE_SOURCE;
				MTL_FAST_MATH = YES;
				ONLY_ACTIVE_ARCH = YES;
				SDKROOT = iphoneos;
				SWIFT_ACTIVE_COMPILATION_CONDITIONS = DEBUG;
				SWIFT_OPTIMIZATION_LEVEL = "-Onone";
			};
			name = Debug;
		};
		DB6C00AD295C914100129B2D /* Release */ = {
			isa = XCBuildConfiguration;
			buildSettings = {
				ALWAYS_SEARCH_USER_PATHS = NO;
				CLANG_ANALYZER_NONNULL = YES;
				CLANG_ANALYZER_NUMBER_OBJECT_CONVERSION = YES_AGGRESSIVE;
				CLANG_CXX_LANGUAGE_STANDARD = "gnu++20";
				CLANG_ENABLE_MODULES = YES;
				CLANG_ENABLE_OBJC_ARC = YES;
				CLANG_ENABLE_OBJC_WEAK = YES;
				CLANG_WARN_BLOCK_CAPTURE_AUTORELEASING = YES;
				CLANG_WARN_BOOL_CONVERSION = YES;
				CLANG_WARN_COMMA = YES;
				CLANG_WARN_CONSTANT_CONVERSION = YES;
				CLANG_WARN_DEPRECATED_OBJC_IMPLEMENTATIONS = YES;
				CLANG_WARN_DIRECT_OBJC_ISA_USAGE = YES_ERROR;
				CLANG_WARN_DOCUMENTATION_COMMENTS = YES;
				CLANG_WARN_EMPTY_BODY = YES;
				CLANG_WARN_ENUM_CONVERSION = YES;
				CLANG_WARN_INFINITE_RECURSION = YES;
				CLANG_WARN_INT_CONVERSION = YES;
				CLANG_WARN_NON_LITERAL_NULL_CONVERSION = YES;
				CLANG_WARN_OBJC_IMPLICIT_RETAIN_SELF = YES;
				CLANG_WARN_OBJC_LITERAL_CONVERSION = YES;
				CLANG_WARN_OBJC_ROOT_CLASS = YES_ERROR;
				CLANG_WARN_QUOTED_INCLUDE_IN_FRAMEWORK_HEADER = YES;
				CLANG_WARN_RANGE_LOOP_ANALYSIS = YES;
				CLANG_WARN_STRICT_PROTOTYPES = YES;
				CLANG_WARN_SUSPICIOUS_MOVE = YES;
				CLANG_WARN_UNGUARDED_AVAILABILITY = YES_AGGRESSIVE;
				CLANG_WARN_UNREACHABLE_CODE = YES;
				CLANG_WARN__DUPLICATE_METHOD_MATCH = YES;
				COPY_PHASE_STRIP = NO;
				DEBUG_INFORMATION_FORMAT = "dwarf-with-dsym";
				ENABLE_NS_ASSERTIONS = NO;
				ENABLE_STRICT_OBJC_MSGSEND = YES;
				GCC_C_LANGUAGE_STANDARD = gnu11;
				GCC_NO_COMMON_BLOCKS = YES;
				GCC_WARN_64_TO_32_BIT_CONVERSION = YES;
				GCC_WARN_ABOUT_RETURN_TYPE = YES_ERROR;
				GCC_WARN_UNDECLARED_SELECTOR = YES;
				GCC_WARN_UNINITIALIZED_AUTOS = YES_AGGRESSIVE;
				GCC_WARN_UNUSED_FUNCTION = YES;
				GCC_WARN_UNUSED_VARIABLE = YES;
				IPHONEOS_DEPLOYMENT_TARGET = 16.2;
				MTL_ENABLE_DEBUG_INFO = NO;
				MTL_FAST_MATH = YES;
				SDKROOT = iphoneos;
				SWIFT_COMPILATION_MODE = wholemodule;
				SWIFT_OPTIMIZATION_LEVEL = "-O";
				VALIDATE_PRODUCT = YES;
			};
			name = Release;
		};
		DB6C00AF295C914100129B2D /* Debug */ = {
			isa = XCBuildConfiguration;
			buildSettings = {
				ASSETCATALOG_COMPILER_APPICON_NAME = AppIcon;
				ASSETCATALOG_COMPILER_GLOBAL_ACCENT_COLOR_NAME = AccentColor;
				CODE_SIGN_STYLE = Automatic;
				CURRENT_PROJECT_VERSION = 1;
				DEVELOPMENT_TEAM = L7SMRXB5WV;
				GENERATE_INFOPLIST_FILE = YES;
				INFOPLIST_FILE = RickAndMortyAPI/Info.plist;
				INFOPLIST_KEY_UIApplicationSupportsIndirectInputEvents = YES;
				INFOPLIST_KEY_UILaunchStoryboardName = LaunchScreen.storyboard;
				INFOPLIST_KEY_UISupportedInterfaceOrientations_iPad = "UIInterfaceOrientationPortrait UIInterfaceOrientationPortraitUpsideDown UIInterfaceOrientationLandscapeLeft UIInterfaceOrientationLandscapeRight";
				INFOPLIST_KEY_UISupportedInterfaceOrientations_iPhone = "UIInterfaceOrientationPortrait UIInterfaceOrientationLandscapeLeft UIInterfaceOrientationLandscapeRight";
				LD_RUNPATH_SEARCH_PATHS = (
					"$(inherited)",
					"@executable_path/Frameworks",
				);
				MARKETING_VERSION = 1.0;
				PRODUCT_BUNDLE_IDENTIFIER = com.Esgeee.RickAndMortyAPI;
				PRODUCT_NAME = "$(TARGET_NAME)";
				SWIFT_EMIT_LOC_STRINGS = YES;
				SWIFT_VERSION = 5.0;
				TARGETED_DEVICE_FAMILY = "1,2";
			};
			name = Debug;
		};
		DB6C00B0295C914100129B2D /* Release */ = {
			isa = XCBuildConfiguration;
			buildSettings = {
				ASSETCATALOG_COMPILER_APPICON_NAME = AppIcon;
				ASSETCATALOG_COMPILER_GLOBAL_ACCENT_COLOR_NAME = AccentColor;
				CODE_SIGN_STYLE = Automatic;
				CURRENT_PROJECT_VERSION = 1;
				DEVELOPMENT_TEAM = L7SMRXB5WV;
				GENERATE_INFOPLIST_FILE = YES;
				INFOPLIST_FILE = RickAndMortyAPI/Info.plist;
				INFOPLIST_KEY_UIApplicationSupportsIndirectInputEvents = YES;
				INFOPLIST_KEY_UILaunchStoryboardName = LaunchScreen.storyboard;
				INFOPLIST_KEY_UISupportedInterfaceOrientations_iPad = "UIInterfaceOrientationPortrait UIInterfaceOrientationPortraitUpsideDown UIInterfaceOrientationLandscapeLeft UIInterfaceOrientationLandscapeRight";
				INFOPLIST_KEY_UISupportedInterfaceOrientations_iPhone = "UIInterfaceOrientationPortrait UIInterfaceOrientationLandscapeLeft UIInterfaceOrientationLandscapeRight";
				LD_RUNPATH_SEARCH_PATHS = (
					"$(inherited)",
					"@executable_path/Frameworks",
				);
				MARKETING_VERSION = 1.0;
				PRODUCT_BUNDLE_IDENTIFIER = com.Esgeee.RickAndMortyAPI;
				PRODUCT_NAME = "$(TARGET_NAME)";
				SWIFT_EMIT_LOC_STRINGS = YES;
				SWIFT_VERSION = 5.0;
				TARGETED_DEVICE_FAMILY = "1,2";
			};
			name = Release;
		};
/* End XCBuildConfiguration section */

/* Begin XCConfigurationList section */
		DB6C0095295C914000129B2D /* Build configuration list for PBXProject "RickAndMortyAPI" */ = {
			isa = XCConfigurationList;
			buildConfigurations = (
				DB6C00AC295C914100129B2D /* Debug */,
				DB6C00AD295C914100129B2D /* Release */,
			);
			defaultConfigurationIsVisible = 0;
			defaultConfigurationName = Release;
		};
		DB6C00AE295C914100129B2D /* Build configuration list for PBXNativeTarget "RickAndMortyAPI" */ = {
			isa = XCConfigurationList;
			buildConfigurations = (
				DB6C00AF295C914100129B2D /* Debug */,
				DB6C00B0295C914100129B2D /* Release */,
			);
			defaultConfigurationIsVisible = 0;
			defaultConfigurationName = Release;
		};
/* End XCConfigurationList section */
	};
	rootObject = DB6C0092295C914000129B2D /* Project object */;
}
