// !$*UTF8*$!
{
	archiveVersion = 1;
	classes = {
	};
	objectVersion = 56;
	objects = {

/* Begin PBXBuildFile section */
		DB3F50362969BAAC003B30DB /* CharacterDetailPhotoCollectionViewCell.swift in Sources */ = {isa = PBXBuildFile; fileRef = DB3F50352969BAAC003B30DB /* CharacterDetailPhotoCollectionViewCell.swift */; };
		DB3F50382969BAB7003B30DB /* CharacterDetailInformationCollectionViewCell.swift in Sources */ = {isa = PBXBuildFile; fileRef = DB3F50372969BAB7003B30DB /* CharacterDetailInformationCollectionViewCell.swift */; };
		DB3F503A2969BAC0003B30DB /* CharacterDetailEpisodesCollectionViewCell.swift in Sources */ = {isa = PBXBuildFile; fileRef = DB3F50392969BAC0003B30DB /* CharacterDetailEpisodesCollectionViewCell.swift */; };
		DB3F503C2969BAEA003B30DB /* CharacterDetailPhotoVM.swift in Sources */ = {isa = PBXBuildFile; fileRef = DB3F503B2969BAEA003B30DB /* CharacterDetailPhotoVM.swift */; };
		DB3F503E2969BAF9003B30DB /* CharacterDetailInformationVM.swift in Sources */ = {isa = PBXBuildFile; fileRef = DB3F503D2969BAF9003B30DB /* CharacterDetailInformationVM.swift */; };
		DB3F50402969BB05003B30DB /* CharacterDetailEpisodesVM.swift in Sources */ = {isa = PBXBuildFile; fileRef = DB3F503F2969BB05003B30DB /* CharacterDetailEpisodesVM.swift */; };
		DB440121295D402100319DF2 /* APIServiceError.swift in Sources */ = {isa = PBXBuildFile; fileRef = DB440120295D402100319DF2 /* APIServiceError.swift */; };
		DB440125295D43A400319DF2 /* CharactersResponse.swift in Sources */ = {isa = PBXBuildFile; fileRef = DB440124295D43A400319DF2 /* CharactersResponse.swift */; };
		DB440128295D4A9100319DF2 /* CharacterListVM.swift in Sources */ = {isa = PBXBuildFile; fileRef = DB440127295D4A9100319DF2 /* CharacterListVM.swift */; };
		DB440130295DE13D00319DF2 /* UIViewExtensions.swift in Sources */ = {isa = PBXBuildFile; fileRef = DB44012F295DE13D00319DF2 /* UIViewExtensions.swift */; };
		DB440132295DE86600319DF2 /* CharacterCollectionViewCell.swift in Sources */ = {isa = PBXBuildFile; fileRef = DB440131295DE86600319DF2 /* CharacterCollectionViewCell.swift */; };
		DB440134295DE98D00319DF2 /* CharacterCollectionViewCellVM.swift in Sources */ = {isa = PBXBuildFile; fileRef = DB440133295DE98D00319DF2 /* CharacterCollectionViewCellVM.swift */; };
		DB4DBD792961BD71005077BC /* LoadingFooterCollectionReusableView.swift in Sources */ = {isa = PBXBuildFile; fileRef = DB4DBD782961BD71005077BC /* LoadingFooterCollectionReusableView.swift */; };
		DB595E3A29672029008F44DD /* CharacterDetailVC + Extensions.swift in Sources */ = {isa = PBXBuildFile; fileRef = DB595E3929672029008F44DD /* CharacterDetailVC + Extensions.swift */; };
		DB6C009E295C914000129B2D /* AppDelegate.swift in Sources */ = {isa = PBXBuildFile; fileRef = DB6C009D295C914000129B2D /* AppDelegate.swift */; };
		DB6C00A0295C914000129B2D /* SceneDelegate.swift in Sources */ = {isa = PBXBuildFile; fileRef = DB6C009F295C914000129B2D /* SceneDelegate.swift */; };
		DB6C00A2295C914000129B2D /* TabViewController.swift in Sources */ = {isa = PBXBuildFile; fileRef = DB6C00A1295C914000129B2D /* TabViewController.swift */; };
		DB6C00A7295C914100129B2D /* Assets.xcassets in Resources */ = {isa = PBXBuildFile; fileRef = DB6C00A6295C914100129B2D /* Assets.xcassets */; };
		DB6C00AA295C914100129B2D /* LaunchScreen.storyboard in Resources */ = {isa = PBXBuildFile; fileRef = DB6C00A8295C914100129B2D /* LaunchScreen.storyboard */; };
		DB6C00B9295C93BF00129B2D /* Location.swift in Sources */ = {isa = PBXBuildFile; fileRef = DB6C00B8295C93BF00129B2D /* Location.swift */; };
		DB6C00BB295C93CC00129B2D /* Episode.swift in Sources */ = {isa = PBXBuildFile; fileRef = DB6C00BA295C93CC00129B2D /* Episode.swift */; };
		DB6C00BE295C93D600129B2D /* Character.swift in Sources */ = {isa = PBXBuildFile; fileRef = DB6C00BD295C93D600129B2D /* Character.swift */; };
		DB7A7AA7296075D6004CD2FB /* CharacterDetailVC.swift in Sources */ = {isa = PBXBuildFile; fileRef = DB7A7AA6296075D6004CD2FB /* CharacterDetailVC.swift */; };
		DB7A7AA929607682004CD2FB /* CharacterDetailVM.swift in Sources */ = {isa = PBXBuildFile; fileRef = DB7A7AA829607682004CD2FB /* CharacterDetailVM.swift */; };
		DB832F8029704DBD00F4A8C1 /* EpisodeDetailVC.swift in Sources */ = {isa = PBXBuildFile; fileRef = DB832F7F29704DBD00F4A8C1 /* EpisodeDetailVC.swift */; };
		DBBC789F2963EDC600A026D9 /* LocationsResponse.swift in Sources */ = {isa = PBXBuildFile; fileRef = DBBC789E2963EDC600A026D9 /* LocationsResponse.swift */; };
		DBBC78A12963EDEC00A026D9 /* Info.swift in Sources */ = {isa = PBXBuildFile; fileRef = DBBC78A02963EDEC00A026D9 /* Info.swift */; };
		DBBC78A32963EE0700A026D9 /* EpisodesResponse.swift in Sources */ = {isa = PBXBuildFile; fileRef = DBBC78A22963EE0700A026D9 /* EpisodesResponse.swift */; };
		DBBC78A72963EEB000A026D9 /* LocationListVM.swift in Sources */ = {isa = PBXBuildFile; fileRef = DBBC78A62963EEB000A026D9 /* LocationListVM.swift */; };
		DBCEC17329651C1D006016DF /* ImageManager.swift in Sources */ = {isa = PBXBuildFile; fileRef = DBCEC17229651C1D006016DF /* ImageManager.swift */; };
		DBE094EA295FDD8300C9A57B /* CharacterListVC + Extensions.swift in Sources */ = {isa = PBXBuildFile; fileRef = DBE094E9295FDD8300C9A57B /* CharacterListVC + Extensions.swift */; };
		DBF20AA5295C94E300B3C83C /* CharacterListVC.swift in Sources */ = {isa = PBXBuildFile; fileRef = DBF20AA4295C94E300B3C83C /* CharacterListVC.swift */; };
		DBF20AA7295C94F800B3C83C /* LocationListVC.swift in Sources */ = {isa = PBXBuildFile; fileRef = DBF20AA6295C94F800B3C83C /* LocationListVC.swift */; };
		DBF20AA9295C94FF00B3C83C /* EpisodeListVC.swift in Sources */ = {isa = PBXBuildFile; fileRef = DBF20AA8295C94FF00B3C83C /* EpisodeListVC.swift */; };
		DBF20AAB295C950E00B3C83C /* SettingsVC.swift in Sources */ = {isa = PBXBuildFile; fileRef = DBF20AAA295C950E00B3C83C /* SettingsVC.swift */; };
		DBFB046B295C992500E9175C /* APIService.swift in Sources */ = {isa = PBXBuildFile; fileRef = DBFB046A295C992500E9175C /* APIService.swift */; };
		DBFB046D295C994F00E9175C /* APIRequest.swift in Sources */ = {isa = PBXBuildFile; fileRef = DBFB046C295C994F00E9175C /* APIRequest.swift */; };
		DBFB046F295C99C900E9175C /* APIEndpoint.swift in Sources */ = {isa = PBXBuildFile; fileRef = DBFB046E295C99C900E9175C /* APIEndpoint.swift */; };
/* End PBXBuildFile section */

/* Begin PBXFileReference section */
		DB3F50352969BAAC003B30DB /* CharacterDetailPhotoCollectionViewCell.swift */ = {isa = PBXFileReference; lastKnownFileType = sourcecode.swift; path = CharacterDetailPhotoCollectionViewCell.swift; sourceTree = "<group>"; };
		DB3F50372969BAB7003B30DB /* CharacterDetailInformationCollectionViewCell.swift */ = {isa = PBXFileReference; lastKnownFileType = sourcecode.swift; path = CharacterDetailInformationCollectionViewCell.swift; sourceTree = "<group>"; };
		DB3F50392969BAC0003B30DB /* CharacterDetailEpisodesCollectionViewCell.swift */ = {isa = PBXFileReference; lastKnownFileType = sourcecode.swift; path = CharacterDetailEpisodesCollectionViewCell.swift; sourceTree = "<group>"; };
		DB3F503B2969BAEA003B30DB /* CharacterDetailPhotoVM.swift */ = {isa = PBXFileReference; lastKnownFileType = sourcecode.swift; path = CharacterDetailPhotoVM.swift; sourceTree = "<group>"; };
		DB3F503D2969BAF9003B30DB /* CharacterDetailInformationVM.swift */ = {isa = PBXFileReference; lastKnownFileType = sourcecode.swift; path = CharacterDetailInformationVM.swift; sourceTree = "<group>"; };
		DB3F503F2969BB05003B30DB /* CharacterDetailEpisodesVM.swift */ = {isa = PBXFileReference; lastKnownFileType = sourcecode.swift; path = CharacterDetailEpisodesVM.swift; sourceTree = "<group>"; };
		DB440120295D402100319DF2 /* APIServiceError.swift */ = {isa = PBXFileReference; lastKnownFileType = sourcecode.swift; path = APIServiceError.swift; sourceTree = "<group>"; };
		DB440124295D43A400319DF2 /* CharactersResponse.swift */ = {isa = PBXFileReference; lastKnownFileType = sourcecode.swift; path = CharactersResponse.swift; sourceTree = "<group>"; };
		DB440127295D4A9100319DF2 /* CharacterListVM.swift */ = {isa = PBXFileReference; lastKnownFileType = sourcecode.swift; path = CharacterListVM.swift; sourceTree = "<group>"; };
		DB44012F295DE13D00319DF2 /* UIViewExtensions.swift */ = {isa = PBXFileReference; lastKnownFileType = sourcecode.swift; path = UIViewExtensions.swift; sourceTree = "<group>"; };
		DB440131295DE86600319DF2 /* CharacterCollectionViewCell.swift */ = {isa = PBXFileReference; lastKnownFileType = sourcecode.swift; path = CharacterCollectionViewCell.swift; sourceTree = "<group>"; };
		DB440133295DE98D00319DF2 /* CharacterCollectionViewCellVM.swift */ = {isa = PBXFileReference; lastKnownFileType = sourcecode.swift; path = CharacterCollectionViewCellVM.swift; sourceTree = "<group>"; };
		DB4DBD782961BD71005077BC /* LoadingFooterCollectionReusableView.swift */ = {isa = PBXFileReference; lastKnownFileType = sourcecode.swift; path = LoadingFooterCollectionReusableView.swift; sourceTree = "<group>"; };
		DB595E3929672029008F44DD /* CharacterDetailVC + Extensions.swift */ = {isa = PBXFileReference; lastKnownFileType = sourcecode.swift; path = "CharacterDetailVC + Extensions.swift"; sourceTree = "<group>"; };
		DB6C009A295C914000129B2D /* RickAndMortyAPI.app */ = {isa = PBXFileReference; explicitFileType = wrapper.application; includeInIndex = 0; path = RickAndMortyAPI.app; sourceTree = BUILT_PRODUCTS_DIR; };
		DB6C009D295C914000129B2D /* AppDelegate.swift */ = {isa = PBXFileReference; lastKnownFileType = sourcecode.swift; path = AppDelegate.swift; sourceTree = "<group>"; };
		DB6C009F295C914000129B2D /* SceneDelegate.swift */ = {isa = PBXFileReference; lastKnownFileType = sourcecode.swift; path = SceneDelegate.swift; sourceTree = "<group>"; };
		DB6C00A1295C914000129B2D /* TabViewController.swift */ = {isa = PBXFileReference; lastKnownFileType = sourcecode.swift; path = TabViewController.swift; sourceTree = "<group>"; };
		DB6C00A6295C914100129B2D /* Assets.xcassets */ = {isa = PBXFileReference; lastKnownFileType = folder.assetcatalog; path = Assets.xcassets; sourceTree = "<group>"; };
		DB6C00A9295C914100129B2D /* Base */ = {isa = PBXFileReference; lastKnownFileType = file.storyboard; name = Base; path = Base.lproj/LaunchScreen.storyboard; sourceTree = "<group>"; };
		DB6C00AB295C914100129B2D /* Info.plist */ = {isa = PBXFileReference; lastKnownFileType = text.plist.xml; path = Info.plist; sourceTree = "<group>"; };
		DB6C00B8295C93BF00129B2D /* Location.swift */ = {isa = PBXFileReference; lastKnownFileType = sourcecode.swift; path = Location.swift; sourceTree = "<group>"; };
		DB6C00BA295C93CC00129B2D /* Episode.swift */ = {isa = PBXFileReference; lastKnownFileType = sourcecode.swift; path = Episode.swift; sourceTree = "<group>"; };
		DB6C00BD295C93D600129B2D /* Character.swift */ = {isa = PBXFileReference; lastKnownFileType = sourcecode.swift; path = Character.swift; sourceTree = "<group>"; };
		DB7A7AA6296075D6004CD2FB /* CharacterDetailVC.swift */ = {isa = PBXFileReference; lastKnownFileType = sourcecode.swift; path = CharacterDetailVC.swift; sourceTree = "<group>"; };
		DB7A7AA829607682004CD2FB /* CharacterDetailVM.swift */ = {isa = PBXFileReference; lastKnownFileType = sourcecode.swift; path = CharacterDetailVM.swift; sourceTree = "<group>"; };
		DB832F7F29704DBD00F4A8C1 /* EpisodeDetailVC.swift */ = {isa = PBXFileReference; lastKnownFileType = sourcecode.swift; path = EpisodeDetailVC.swift; sourceTree = "<group>"; };
		DBBC789E2963EDC600A026D9 /* LocationsResponse.swift */ = {isa = PBXFileReference; lastKnownFileType = sourcecode.swift; path = LocationsResponse.swift; sourceTree = "<group>"; };
		DBBC78A02963EDEC00A026D9 /* Info.swift */ = {isa = PBXFileReference; lastKnownFileType = sourcecode.swift; path = Info.swift; sourceTree = "<group>"; };
		DBBC78A22963EE0700A026D9 /* EpisodesResponse.swift */ = {isa = PBXFileReference; lastKnownFileType = sourcecode.swift; path = EpisodesResponse.swift; sourceTree = "<group>"; };
		DBBC78A62963EEB000A026D9 /* LocationListVM.swift */ = {isa = PBXFileReference; lastKnownFileType = sourcecode.swift; path = LocationListVM.swift; sourceTree = "<group>"; };
		DBCEC17229651C1D006016DF /* ImageManager.swift */ = {isa = PBXFileReference; lastKnownFileType = sourcecode.swift; path = ImageManager.swift; sourceTree = "<group>"; };
		DBE094E9295FDD8300C9A57B /* CharacterListVC + Extensions.swift */ = {isa = PBXFileReference; lastKnownFileType = sourcecode.swift; path = "CharacterListVC + Extensions.swift"; sourceTree = "<group>"; };
		DBF20AA4295C94E300B3C83C /* CharacterListVC.swift */ = {isa = PBXFileReference; lastKnownFileType = sourcecode.swift; path = CharacterListVC.swift; sourceTree = "<group>"; };
		DBF20AA6295C94F800B3C83C /* LocationListVC.swift */ = {isa = PBXFileReference; lastKnownFileType = sourcecode.swift; path = LocationListVC.swift; sourceTree = "<group>"; };
		DBF20AA8295C94FF00B3C83C /* EpisodeListVC.swift */ = {isa = PBXFileReference; lastKnownFileType = sourcecode.swift; path = EpisodeListVC.swift; sourceTree = "<group>"; };
		DBF20AAA295C950E00B3C83C /* SettingsVC.swift */ = {isa = PBXFileReference; lastKnownFileType = sourcecode.swift; path = SettingsVC.swift; sourceTree = "<group>"; };
		DBFB046A295C992500E9175C /* APIService.swift */ = {isa = PBXFileReference; lastKnownFileType = sourcecode.swift; path = APIService.swift; sourceTree = "<group>"; };
		DBFB046C295C994F00E9175C /* APIRequest.swift */ = {isa = PBXFileReference; lastKnownFileType = sourcecode.swift; path = APIRequest.swift; sourceTree = "<group>"; };
		DBFB046E295C99C900E9175C /* APIEndpoint.swift */ = {isa = PBXFileReference; lastKnownFileType = sourcecode.swift; path = APIEndpoint.swift; sourceTree = "<group>"; };
/* End PBXFileReference section */

/* Begin PBXFrameworksBuildPhase section */
		DB6C0097295C914000129B2D /* Frameworks */ = {
			isa = PBXFrameworksBuildPhase;
			buildActionMask = 2147483647;
			files = (
			);
			runOnlyForDeploymentPostprocessing = 0;
		};
/* End PBXFrameworksBuildPhase section */

/* Begin PBXGroup section */
		DB3F50342969BA84003B30DB /* Collection View Cells */ = {
			isa = PBXGroup;
			children = (
				DB3F50352969BAAC003B30DB /* CharacterDetailPhotoCollectionViewCell.swift */,
				DB3F50372969BAB7003B30DB /* CharacterDetailInformationCollectionViewCell.swift */,
				DB3F50392969BAC0003B30DB /* CharacterDetailEpisodesCollectionViewCell.swift */,
			);
			path = "Collection View Cells";
			sourceTree = "<group>";
		};
		DB440122295D437E00319DF2 /* Data Types */ = {
			isa = PBXGroup;
			children = (
				DB6C00BD295C93D600129B2D /* Character.swift */,
				DB6C00B8295C93BF00129B2D /* Location.swift */,
				DB6C00BA295C93CC00129B2D /* Episode.swift */,
			);
			path = "Data Types";
			sourceTree = "<group>";
		};
		DB440123295D438A00319DF2 /* API Response Types */ = {
			isa = PBXGroup;
			children = (
				DB440124295D43A400319DF2 /* CharactersResponse.swift */,
				DBBC789E2963EDC600A026D9 /* LocationsResponse.swift */,
				DBBC78A22963EE0700A026D9 /* EpisodesResponse.swift */,
				DBBC78A02963EDEC00A026D9 /* Info.swift */,
			);
			path = "API Response Types";
			sourceTree = "<group>";
		};
		DB440126295D4A8400319DF2 /* Character List */ = {
			isa = PBXGroup;
			children = (
				DB440135295DE99900319DF2 /* View Model */,
				DB440136295DE9A400319DF2 /* View */,
			);
			path = "Character List";
			sourceTree = "<group>";
		};
		DB440129295D4A9900319DF2 /* Location List */ = {
			isa = PBXGroup;
			children = (
				DBBC78A52963EEA500A026D9 /* View Model */,
				DBBC78A42963EE9F00A026D9 /* View */,
			);
			path = "Location List";
			sourceTree = "<group>";
		};
		DB44012A295D4AA200319DF2 /* Episode List */ = {
			isa = PBXGroup;
			children = (
				DBF20AA8295C94FF00B3C83C /* EpisodeListVC.swift */,
			);
			path = "Episode List";
			sourceTree = "<group>";
		};
		DB44012B295D4AA900319DF2 /* Settings */ = {
			isa = PBXGroup;
			children = (
				DBF20AAA295C950E00B3C83C /* SettingsVC.swift */,
			);
			path = Settings;
			sourceTree = "<group>";
		};
		DB44012E295DE12400319DF2 /* Extensions */ = {
			isa = PBXGroup;
			children = (
				DB44012F295DE13D00319DF2 /* UIViewExtensions.swift */,
			);
			path = Extensions;
			sourceTree = "<group>";
		};
		DB440135295DE99900319DF2 /* View Model */ = {
			isa = PBXGroup;
			children = (
				DB440127295D4A9100319DF2 /* CharacterListVM.swift */,
				DB440133295DE98D00319DF2 /* CharacterCollectionViewCellVM.swift */,
			);
			path = "View Model";
			sourceTree = "<group>";
		};
		DB440136295DE9A400319DF2 /* View */ = {
			isa = PBXGroup;
			children = (
				DBF20AA4295C94E300B3C83C /* CharacterListVC.swift */,
				DB440131295DE86600319DF2 /* CharacterCollectionViewCell.swift */,
				DBE094E9295FDD8300C9A57B /* CharacterListVC + Extensions.swift */,
			);
			path = View;
			sourceTree = "<group>";
		};
		DB4DBD772961BD4D005077BC /* Reusable Views */ = {
			isa = PBXGroup;
			children = (
				DB4DBD782961BD71005077BC /* LoadingFooterCollectionReusableView.swift */,
			);
			path = "Reusable Views";
			sourceTree = "<group>";
		};
		DB6C0091295C914000129B2D = {
			isa = PBXGroup;
			children = (
				DB6C009C295C914000129B2D /* RickAndMortyAPI */,
				DB6C009B295C914000129B2D /* Products */,
			);
			sourceTree = "<group>";
		};
		DB6C009B295C914000129B2D /* Products */ = {
			isa = PBXGroup;
			children = (
				DB6C009A295C914000129B2D /* RickAndMortyAPI.app */,
			);
			name = Products;
			sourceTree = "<group>";
		};
		DB6C009C295C914000129B2D /* RickAndMortyAPI */ = {
			isa = PBXGroup;
			children = (
				DB6C00B4295C934E00129B2D /* Models */,
				DB6C00B3295C934800129B2D /* Views */,
				DB6C00B2295C934000129B2D /* Vendors */,
				DB6C00AB295C914100129B2D /* Info.plist */,
			);
			path = RickAndMortyAPI;
			sourceTree = "<group>";
		};
		DB6C00B2295C934000129B2D /* Vendors */ = {
			isa = PBXGroup;
			children = (
				DB44012E295DE12400319DF2 /* Extensions */,
				DB6C00B7295C939200129B2D /* API Clients */,
				DB6C00B6295C938700129B2D /* Managers */,
				DB6C00B5295C935500129B2D /* Resources */,
			);
			path = Vendors;
			sourceTree = "<group>";
		};
		DB6C00B3295C934800129B2D /* Views */ = {
			isa = PBXGroup;
			children = (
				DB6C00BF295C93F900129B2D /* Tab Bar Controller */,
				DB7A7AA3296075B2004CD2FB /* Character Detail View */,
				DB832F7C29704D7800F4A8C1 /* Episode Detail View */,
				DB4DBD772961BD4D005077BC /* Reusable Views */,
			);
			path = Views;
			sourceTree = "<group>";
		};
		DB6C00B4295C934E00129B2D /* Models */ = {
			isa = PBXGroup;
			children = (
				DB440123295D438A00319DF2 /* API Response Types */,
				DB440122295D437E00319DF2 /* Data Types */,
			);
			path = Models;
			sourceTree = "<group>";
		};
		DB6C00B5295C935500129B2D /* Resources */ = {
			isa = PBXGroup;
			children = (
				DB6C009D295C914000129B2D /* AppDelegate.swift */,
				DB6C009F295C914000129B2D /* SceneDelegate.swift */,
				DB6C00A6295C914100129B2D /* Assets.xcassets */,
				DB6C00A8295C914100129B2D /* LaunchScreen.storyboard */,
			);
			path = Resources;
			sourceTree = "<group>";
		};
		DB6C00B6295C938700129B2D /* Managers */ = {
			isa = PBXGroup;
			children = (
				DBCEC17229651C1D006016DF /* ImageManager.swift */,
			);
			path = Managers;
			sourceTree = "<group>";
		};
		DB6C00B7295C939200129B2D /* API Clients */ = {
			isa = PBXGroup;
			children = (
				DBFB046A295C992500E9175C /* APIService.swift */,
				DBFB046C295C994F00E9175C /* APIRequest.swift */,
				DBFB046E295C99C900E9175C /* APIEndpoint.swift */,
				DB440120295D402100319DF2 /* APIServiceError.swift */,
			);
			path = "API Clients";
			sourceTree = "<group>";
		};
		DB6C00BF295C93F900129B2D /* Tab Bar Controller */ = {
			isa = PBXGroup;
			children = (
				DB6C00A1295C914000129B2D /* TabViewController.swift */,
				DBF20AA3295C94C100B3C83C /* Tab Views */,
			);
			path = "Tab Bar Controller";
			sourceTree = "<group>";
		};
		DB7A7AA3296075B2004CD2FB /* Character Detail View */ = {
			isa = PBXGroup;
			children = (
				DB7A7AA5296075C2004CD2FB /* View Model */,
				DB7A7AA4296075BE004CD2FB /* View */,
			);
			path = "Character Detail View";
			sourceTree = "<group>";
		};
		DB7A7AA4296075BE004CD2FB /* View */ = {
			isa = PBXGroup;
			children = (
				DB7A7AA6296075D6004CD2FB /* CharacterDetailVC.swift */,
				DB595E3929672029008F44DD /* CharacterDetailVC + Extensions.swift */,
				DB3F50342969BA84003B30DB /* Collection View Cells */,
			);
			path = View;
			sourceTree = "<group>";
		};
		DB7A7AA5296075C2004CD2FB /* View Model */ = {
			isa = PBXGroup;
			children = (
				DB7A7AA829607682004CD2FB /* CharacterDetailVM.swift */,
				DB3F503B2969BAEA003B30DB /* CharacterDetailPhotoVM.swift */,
				DB3F503D2969BAF9003B30DB /* CharacterDetailInformationVM.swift */,
				DB3F503F2969BB05003B30DB /* CharacterDetailEpisodesVM.swift */,
			);
			path = "View Model";
			sourceTree = "<group>";
		};
		DB832F7C29704D7800F4A8C1 /* Episode Detail View */ = {
			isa = PBXGroup;
			children = (
				DB832F7E29704DA100F4A8C1 /* View Model */,
				DB832F7D29704D9100F4A8C1 /* View */,
			);
			path = "Episode Detail View";
			sourceTree = "<group>";
		};
		DB832F7D29704D9100F4A8C1 /* View */ = {
			isa = PBXGroup;
			children = (
				DB832F7F29704DBD00F4A8C1 /* EpisodeDetailVC.swift */,
			);
			path = View;
			sourceTree = "<group>";
		};
		DB832F7E29704DA100F4A8C1 /* View Model */ = {
			isa = PBXGroup;
			children = (
			);
			path = "View Model";
			sourceTree = "<group>";
		};
		DBBC78A42963EE9F00A026D9 /* View */ = {
			isa = PBXGroup;
			children = (
				DBF20AA6295C94F800B3C83C /* LocationListVC.swift */,
			);
			path = View;
			sourceTree = "<group>";
		};
		DBBC78A52963EEA500A026D9 /* View Model */ = {
			isa = PBXGroup;
			children = (
				DBBC78A62963EEB000A026D9 /* LocationListVM.swift */,
			);
			path = "View Model";
			sourceTree = "<group>";
		};
		DBF20AA3295C94C100B3C83C /* Tab Views */ = {
			isa = PBXGroup;
			children = (
				DB440126295D4A8400319DF2 /* Character List */,
				DB440129295D4A9900319DF2 /* Location List */,
				DB44012A295D4AA200319DF2 /* Episode List */,
				DB44012B295D4AA900319DF2 /* Settings */,
			);
			path = "Tab Views";
			sourceTree = "<group>";
		};
/* End PBXGroup section */

/* Begin PBXNativeTarget section */
		DB6C0099295C914000129B2D /* RickAndMortyAPI */ = {
			isa = PBXNativeTarget;
			buildConfigurationList = DB6C00AE295C914100129B2D /* Build configuration list for PBXNativeTarget "RickAndMortyAPI" */;
			buildPhases = (
				DB6C0096295C914000129B2D /* Sources */,
				DB6C0097295C914000129B2D /* Frameworks */,
				DB6C0098295C914000129B2D /* Resources */,
			);
			buildRules = (
			);
			dependencies = (
			);
			name = RickAndMortyAPI;
			productName = RickAndMortyAPI;
			productReference = DB6C009A295C914000129B2D /* RickAndMortyAPI.app */;
			productType = "com.apple.product-type.application";
		};
/* End PBXNativeTarget section */

/* Begin PBXProject section */
		DB6C0092295C914000129B2D /* Project object */ = {
			isa = PBXProject;
			attributes = {
				BuildIndependentTargetsInParallel = 1;
				LastSwiftUpdateCheck = 1420;
				LastUpgradeCheck = 1420;
				TargetAttributes = {
					DB6C0099295C914000129B2D = {
						CreatedOnToolsVersion = 14.2;
					};
				};
			};
			buildConfigurationList = DB6C0095295C914000129B2D /* Build configuration list for PBXProject "RickAndMortyAPI" */;
			compatibilityVersion = "Xcode 14.0";
			developmentRegion = en;
			hasScannedForEncodings = 0;
			knownRegions = (
				en,
				Base,
			);
			mainGroup = DB6C0091295C914000129B2D;
			productRefGroup = DB6C009B295C914000129B2D /* Products */;
			projectDirPath = "";
			projectRoot = "";
			targets = (
				DB6C0099295C914000129B2D /* RickAndMortyAPI */,
			);
		};
/* End PBXProject section */

/* Begin PBXResourcesBuildPhase section */
		DB6C0098295C914000129B2D /* Resources */ = {
			isa = PBXResourcesBuildPhase;
			buildActionMask = 2147483647;
			files = (
				DB6C00AA295C914100129B2D /* LaunchScreen.storyboard in Resources */,
				DB6C00A7295C914100129B2D /* Assets.xcassets in Resources */,
			);
			runOnlyForDeploymentPostprocessing = 0;
		};
/* End PBXResourcesBuildPhase section */

/* Begin PBXSourcesBuildPhase section */
		DB6C0096295C914000129B2D /* Sources */ = {
			isa = PBXSourcesBuildPhase;
			buildActionMask = 2147483647;
			files = (
				DBF20AA9295C94FF00B3C83C /* EpisodeListVC.swift in Sources */,
				DBF20AA5295C94E300B3C83C /* CharacterListVC.swift in Sources */,
				DB6C00A2295C914000129B2D /* TabViewController.swift in Sources */,
				DB6C009E295C914000129B2D /* AppDelegate.swift in Sources */,
				DB3F50382969BAB7003B30DB /* CharacterDetailInformationCollectionViewCell.swift in Sources */,
				DBFB046B295C992500E9175C /* APIService.swift in Sources */,
				DBBC78A72963EEB000A026D9 /* LocationListVM.swift in Sources */,
				DBBC789F2963EDC600A026D9 /* LocationsResponse.swift in Sources */,
				DBFB046F295C99C900E9175C /* APIEndpoint.swift in Sources */,
				DB595E3A29672029008F44DD /* CharacterDetailVC + Extensions.swift in Sources */,
				DB6C00B9295C93BF00129B2D /* Location.swift in Sources */,
				DB4DBD792961BD71005077BC /* LoadingFooterCollectionReusableView.swift in Sources */,
				DB6C00BE295C93D600129B2D /* Character.swift in Sources */,
				DB832F8029704DBD00F4A8C1 /* EpisodeDetailVC.swift in Sources */,
				DB3F503A2969BAC0003B30DB /* CharacterDetailEpisodesCollectionViewCell.swift in Sources */,
				DB440125295D43A400319DF2 /* CharactersResponse.swift in Sources */,
				DBF20AA7295C94F800B3C83C /* LocationListVC.swift in Sources */,
				DB440121295D402100319DF2 /* APIServiceError.swift in Sources */,
				DB7A7AA929607682004CD2FB /* CharacterDetailVM.swift in Sources */,
				DB3F503E2969BAF9003B30DB /* CharacterDetailInformationVM.swift in Sources */,
				DB7A7AA7296075D6004CD2FB /* CharacterDetailVC.swift in Sources */,
				DB440132295DE86600319DF2 /* CharacterCollectionViewCell.swift in Sources */,
				DB6C00BB295C93CC00129B2D /* Episode.swift in Sources */,
				DB440128295D4A9100319DF2 /* CharacterListVM.swift in Sources */,
				DBE094EA295FDD8300C9A57B /* CharacterListVC + Extensions.swift in Sources */,
				DB3F503C2969BAEA003B30DB /* CharacterDetailPhotoVM.swift in Sources */,
				DB6C00A0295C914000129B2D /* SceneDelegate.swift in Sources */,
				DBFB046D295C994F00E9175C /* APIRequest.swift in Sources */,
				DB440134295DE98D00319DF2 /* CharacterCollectionViewCellVM.swift in Sources */,
				DB3F50362969BAAC003B30DB /* CharacterDetailPhotoCollectionViewCell.swift in Sources */,
				DBCEC17329651C1D006016DF /* ImageManager.swift in Sources */,
				DBBC78A32963EE0700A026D9 /* EpisodesResponse.swift in Sources */,
				DB440130295DE13D00319DF2 /* UIViewExtensions.swift in Sources */,
				DB3F50402969BB05003B30DB /* CharacterDetailEpisodesVM.swift in Sources */,
				DBBC78A12963EDEC00A026D9 /* Info.swift in Sources */,
				DBF20AAB295C950E00B3C83C /* SettingsVC.swift in Sources */,
			);
			runOnlyForDeploymentPostprocessing = 0;
		};
/* End PBXSourcesBuildPhase section */

/* Begin PBXVariantGroup section */
		DB6C00A8295C914100129B2D /* LaunchScreen.storyboard */ = {
			isa = PBXVariantGroup;
			children = (
				DB6C00A9295C914100129B2D /* Base */,
			);
			name = LaunchScreen.storyboard;
			sourceTree = "<group>";
		};
/* End PBXVariantGroup section */

/* Begin XCBuildConfiguration section */
		DB6C00AC295C914100129B2D /* Debug */ = {
			isa = XCBuildConfiguration;
			buildSettings = {
				ALWAYS_SEARCH_USER_PATHS = NO;
				CLANG_ANALYZER_NONNULL = YES;
				CLANG_ANALYZER_NUMBER_OBJECT_CONVERSION = YES_AGGRESSIVE;
				CLANG_CXX_LANGUAGE_STANDARD = "gnu++20";
				CLANG_ENABLE_MODULES = YES;
				CLANG_ENABLE_OBJC_ARC = YES;
				CLANG_ENABLE_OBJC_WEAK = YES;
				CLANG_WARN_BLOCK_CAPTURE_AUTORELEASING = YES;
				CLANG_WARN_BOOL_CONVERSION = YES;
				CLANG_WARN_COMMA = YES;
				CLANG_WARN_CONSTANT_CONVERSION = YES;
				CLANG_WARN_DEPRECATED_OBJC_IMPLEMENTATIONS = YES;
				CLANG_WARN_DIRECT_OBJC_ISA_USAGE = YES_ERROR;
				CLANG_WARN_DOCUMENTATION_COMMENTS = YES;
				CLANG_WARN_EMPTY_BODY = YES;
				CLANG_WARN_ENUM_CONVERSION = YES;
				CLANG_WARN_INFINITE_RECURSION = YES;
				CLANG_WARN_INT_CONVERSION = YES;
				CLANG_WARN_NON_LITERAL_NULL_CONVERSION = YES;
				CLANG_WARN_OBJC_IMPLICIT_RETAIN_SELF = YES;
				CLANG_WARN_OBJC_LITERAL_CONVERSION = YES;
				CLANG_WARN_OBJC_ROOT_CLASS = YES_ERROR;
				CLANG_WARN_QUOTED_INCLUDE_IN_FRAMEWORK_HEADER = YES;
				CLANG_WARN_RANGE_LOOP_ANALYSIS = YES;
				CLANG_WARN_STRICT_PROTOTYPES = YES;
				CLANG_WARN_SUSPICIOUS_MOVE = YES;
				CLANG_WARN_UNGUARDED_AVAILABILITY = YES_AGGRESSIVE;
				CLANG_WARN_UNREACHABLE_CODE = YES;
				CLANG_WARN__DUPLICATE_METHOD_MATCH = YES;
				COPY_PHASE_STRIP = NO;
				DEBUG_INFORMATION_FORMAT = dwarf;
				ENABLE_STRICT_OBJC_MSGSEND = YES;
				ENABLE_TESTABILITY = YES;
				GCC_C_LANGUAGE_STANDARD = gnu11;
				GCC_DYNAMIC_NO_PIC = NO;
				GCC_NO_COMMON_BLOCKS = YES;
				GCC_OPTIMIZATION_LEVEL = 0;
				GCC_PREPROCESSOR_DEFINITIONS = (
					"DEBUG=1",
					"$(inherited)",
				);
				GCC_WARN_64_TO_32_BIT_CONVERSION = YES;
				GCC_WARN_ABOUT_RETURN_TYPE = YES_ERROR;
				GCC_WARN_UNDECLARED_SELECTOR = YES;
				GCC_WARN_UNINITIALIZED_AUTOS = YES_AGGRESSIVE;
				GCC_WARN_UNUSED_FUNCTION = YES;
				GCC_WARN_UNUSED_VARIABLE = YES;
				IPHONEOS_DEPLOYMENT_TARGET = 16.2;
				MTL_ENABLE_DEBUG_INFO = INCLUDE_SOURCE;
				MTL_FAST_MATH = YES;
				ONLY_ACTIVE_ARCH = YES;
				SDKROOT = iphoneos;
				SWIFT_ACTIVE_COMPILATION_CONDITIONS = DEBUG;
				SWIFT_OPTIMIZATION_LEVEL = "-Onone";
			};
			name = Debug;
		};
		DB6C00AD295C914100129B2D /* Release */ = {
			isa = XCBuildConfiguration;
			buildSettings = {
				ALWAYS_SEARCH_USER_PATHS = NO;
				CLANG_ANALYZER_NONNULL = YES;
				CLANG_ANALYZER_NUMBER_OBJECT_CONVERSION = YES_AGGRESSIVE;
				CLANG_CXX_LANGUAGE_STANDARD = "gnu++20";
				CLANG_ENABLE_MODULES = YES;
				CLANG_ENABLE_OBJC_ARC = YES;
				CLANG_ENABLE_OBJC_WEAK = YES;
				CLANG_WARN_BLOCK_CAPTURE_AUTORELEASING = YES;
				CLANG_WARN_BOOL_CONVERSION = YES;
				CLANG_WARN_COMMA = YES;
				CLANG_WARN_CONSTANT_CONVERSION = YES;
				CLANG_WARN_DEPRECATED_OBJC_IMPLEMENTATIONS = YES;
				CLANG_WARN_DIRECT_OBJC_ISA_USAGE = YES_ERROR;
				CLANG_WARN_DOCUMENTATION_COMMENTS = YES;
				CLANG_WARN_EMPTY_BODY = YES;
				CLANG_WARN_ENUM_CONVERSION = YES;
				CLANG_WARN_INFINITE_RECURSION = YES;
				CLANG_WARN_INT_CONVERSION = YES;
				CLANG_WARN_NON_LITERAL_NULL_CONVERSION = YES;
				CLANG_WARN_OBJC_IMPLICIT_RETAIN_SELF = YES;
				CLANG_WARN_OBJC_LITERAL_CONVERSION = YES;
				CLANG_WARN_OBJC_ROOT_CLASS = YES_ERROR;
				CLANG_WARN_QUOTED_INCLUDE_IN_FRAMEWORK_HEADER = YES;
				CLANG_WARN_RANGE_LOOP_ANALYSIS = YES;
				CLANG_WARN_STRICT_PROTOTYPES = YES;
				CLANG_WARN_SUSPICIOUS_MOVE = YES;
				CLANG_WARN_UNGUARDED_AVAILABILITY = YES_AGGRESSIVE;
				CLANG_WARN_UNREACHABLE_CODE = YES;
				CLANG_WARN__DUPLICATE_METHOD_MATCH = YES;
				COPY_PHASE_STRIP = NO;
				DEBUG_INFORMATION_FORMAT = "dwarf-with-dsym";
				ENABLE_NS_ASSERTIONS = NO;
				ENABLE_STRICT_OBJC_MSGSEND = YES;
				GCC_C_LANGUAGE_STANDARD = gnu11;
				GCC_NO_COMMON_BLOCKS = YES;
				GCC_WARN_64_TO_32_BIT_CONVERSION = YES;
				GCC_WARN_ABOUT_RETURN_TYPE = YES_ERROR;
				GCC_WARN_UNDECLARED_SELECTOR = YES;
				GCC_WARN_UNINITIALIZED_AUTOS = YES_AGGRESSIVE;
				GCC_WARN_UNUSED_FUNCTION = YES;
				GCC_WARN_UNUSED_VARIABLE = YES;
				IPHONEOS_DEPLOYMENT_TARGET = 16.2;
				MTL_ENABLE_DEBUG_INFO = NO;
				MTL_FAST_MATH = YES;
				SDKROOT = iphoneos;
				SWIFT_COMPILATION_MODE = wholemodule;
				SWIFT_OPTIMIZATION_LEVEL = "-O";
				VALIDATE_PRODUCT = YES;
			};
			name = Release;
		};
		DB6C00AF295C914100129B2D /* Debug */ = {
			isa = XCBuildConfiguration;
			buildSettings = {
				ASSETCATALOG_COMPILER_APPICON_NAME = AppIcon;
				ASSETCATALOG_COMPILER_GLOBAL_ACCENT_COLOR_NAME = AccentColor;
				CODE_SIGN_STYLE = Automatic;
				CURRENT_PROJECT_VERSION = 1;
				DEVELOPMENT_TEAM = L7SMRXB5WV;
				GENERATE_INFOPLIST_FILE = YES;
				INFOPLIST_FILE = RickAndMortyAPI/Info.plist;
				INFOPLIST_KEY_UIApplicationSupportsIndirectInputEvents = YES;
				INFOPLIST_KEY_UILaunchStoryboardName = LaunchScreen.storyboard;
				INFOPLIST_KEY_UISupportedInterfaceOrientations_iPad = "UIInterfaceOrientationPortrait UIInterfaceOrientationPortraitUpsideDown UIInterfaceOrientationLandscapeLeft UIInterfaceOrientationLandscapeRight";
				INFOPLIST_KEY_UISupportedInterfaceOrientations_iPhone = "UIInterfaceOrientationPortrait UIInterfaceOrientationLandscapeLeft UIInterfaceOrientationLandscapeRight";
				LD_RUNPATH_SEARCH_PATHS = (
					"$(inherited)",
					"@executable_path/Frameworks",
				);
				MARKETING_VERSION = 1.0;
				PRODUCT_BUNDLE_IDENTIFIER = com.Esgeee.RickAndMortyAPI;
				PRODUCT_NAME = "$(TARGET_NAME)";
				SWIFT_EMIT_LOC_STRINGS = YES;
				SWIFT_VERSION = 5.0;
				TARGETED_DEVICE_FAMILY = "1,2";
			};
			name = Debug;
		};
		DB6C00B0295C914100129B2D /* Release */ = {
			isa = XCBuildConfiguration;
			buildSettings = {
				ASSETCATALOG_COMPILER_APPICON_NAME = AppIcon;
				ASSETCATALOG_COMPILER_GLOBAL_ACCENT_COLOR_NAME = AccentColor;
				CODE_SIGN_STYLE = Automatic;
				CURRENT_PROJECT_VERSION = 1;
				DEVELOPMENT_TEAM = L7SMRXB5WV;
				GENERATE_INFOPLIST_FILE = YES;
				INFOPLIST_FILE = RickAndMortyAPI/Info.plist;
				INFOPLIST_KEY_UIApplicationSupportsIndirectInputEvents = YES;
				INFOPLIST_KEY_UILaunchStoryboardName = LaunchScreen.storyboard;
				INFOPLIST_KEY_UISupportedInterfaceOrientations_iPad = "UIInterfaceOrientationPortrait UIInterfaceOrientationPortraitUpsideDown UIInterfaceOrientationLandscapeLeft UIInterfaceOrientationLandscapeRight";
				INFOPLIST_KEY_UISupportedInterfaceOrientations_iPhone = "UIInterfaceOrientationPortrait UIInterfaceOrientationLandscapeLeft UIInterfaceOrientationLandscapeRight";
				LD_RUNPATH_SEARCH_PATHS = (
					"$(inherited)",
					"@executable_path/Frameworks",
				);
				MARKETING_VERSION = 1.0;
				PRODUCT_BUNDLE_IDENTIFIER = com.Esgeee.RickAndMortyAPI;
				PRODUCT_NAME = "$(TARGET_NAME)";
				SWIFT_EMIT_LOC_STRINGS = YES;
				SWIFT_VERSION = 5.0;
				TARGETED_DEVICE_FAMILY = "1,2";
			};
			name = Release;
		};
/* End XCBuildConfiguration section */

/* Begin XCConfigurationList section */
		DB6C0095295C914000129B2D /* Build configuration list for PBXProject "RickAndMortyAPI" */ = {
			isa = XCConfigurationList;
			buildConfigurations = (
				DB6C00AC295C914100129B2D /* Debug */,
				DB6C00AD295C914100129B2D /* Release */,
			);
			defaultConfigurationIsVisible = 0;
			defaultConfigurationName = Release;
		};
		DB6C00AE295C914100129B2D /* Build configuration list for PBXNativeTarget "RickAndMortyAPI" */ = {
			isa = XCConfigurationList;
			buildConfigurations = (
				DB6C00AF295C914100129B2D /* Debug */,
				DB6C00B0295C914100129B2D /* Release */,
			);
			defaultConfigurationIsVisible = 0;
			defaultConfigurationName = Release;
		};
/* End XCConfigurationList section */
	};
	rootObject = DB6C0092295C914000129B2D /* Project object */;
}
